
Microsoft Visual Studio Solution File, Format Version 12.00
# Visual Studio 14
VisualStudioVersion = 14.0.25420.1
MinimumVisualStudioVersion = 10.0.40219.1
Project("{FAE04EC0-301F-11D3-BF4B-00C04F79EFBC}") = "World", "World\World.csproj", "{7FF243E5-52C1-4FB8-9980-08717C6CE65E}"
EndProject
Project("{FAE04EC0-301F-11D3-BF4B-00C04F79EFBC}") = "Festival Petronio", "..\..\Documents\UIcesi\Proyecto integrador1\Festival Petronio\Festival Petronio\Festival Petronio.csproj", "{635BF62E-8E17-4C93-986F-7D4594CC5D17}"
EndProject
Global
	GlobalSection(SolutionConfigurationPlatforms) = preSolution
		Debug|Any CPU = Debug|Any CPU
		Release|Any CPU = Release|Any CPU
	EndGlobalSection
	GlobalSection(ProjectConfigurationPlatforms) = postSolution
		{7FF243E5-52C1-4FB8-9980-08717C6CE65E}.Debug|Any CPU.ActiveCfg = Debug|Any CPU
		{7FF243E5-52C1-4FB8-9980-08717C6CE65E}.Debug|Any CPU.Build.0 = Debug|Any CPU
		{7FF243E5-52C1-4FB8-9980-08717C6CE65E}.Release|Any CPU.ActiveCfg = Release|Any CPU
		{7FF243E5-52C1-4FB8-9980-08717C6CE65E}.Release|Any CPU.Build.0 = Release|Any CPU
		{635BF62E-8E17-4C93-986F-7D4594CC5D17}.Debug|Any CPU.ActiveCfg = Debug|Any CPU
		{635BF62E-8E17-4C93-986F-7D4594CC5D17}.Debug|Any CPU.Build.0 = Debug|Any CPU
		{635BF62E-8E17-4C93-986F-7D4594CC5D17}.Release|Any CPU.ActiveCfg = Release|Any CPU
		{635BF62E-8E17-4C93-986F-7D4594CC5D17}.Release|Any CPU.Build.0 = Release|Any CPU
	EndGlobalSection
	GlobalSection(SolutionProperties) = preSolution
		HideSolutionNode = FALSE
	EndGlobalSection
EndGlobal
